
Microsoft Visual Studio Solution File, Format Version 12.00
# Visual Studio 15
VisualStudioVersion = 15.0.28307.489
MinimumVisualStudioVersion = 10.0.40219.1
Project("{FAE04EC0-301F-11D3-BF4B-00C04F79EFBC}") = "WinServiceTemplate", "WinServiceTemplate\WinServiceTemplate.csproj", "{7FFC89DA-D6A8-4A6D-BDEE-6A8195F9845A}"
EndProject
Project("{FAE04EC0-301F-11D3-BF4B-00C04F79EFBC}") = "ServiceCore", "ServiceCore\ServiceCore.csproj", "{FBD02EED-BE75-4C47-82A9-7F88D47ABC59}"
EndProject
Project("{FAE04EC0-301F-11D3-BF4B-00C04F79EFBC}") = "Utility", "Utility\Utility.csproj", "{01C0B391-98E5-48E1-8986-0A6973BFF108}"
EndProject
Project("{FAE04EC0-301F-11D3-BF4B-00C04F79EFBC}") = "WinServiceInstall", "WinServiceInstall\WinServiceInstall.csproj", "{929ECC79-FDCA-41A3-AADD-B8B897092BF3}"
EndProject
Global
	GlobalSection(SolutionConfigurationPlatforms) = preSolution
		Debug|Any CPU = Debug|Any CPU
		Release|Any CPU = Release|Any CPU
	EndGlobalSection
	GlobalSection(ProjectConfigurationPlatforms) = postSolution
		{7FFC89DA-D6A8-4A6D-BDEE-6A8195F9845A}.Debug|Any CPU.ActiveCfg = Debug|Any CPU
		{7FFC89DA-D6A8-4A6D-BDEE-6A8195F9845A}.Debug|Any CPU.Build.0 = Debug|Any CPU
		{7FFC89DA-D6A8-4A6D-BDEE-6A8195F9845A}.Release|Any CPU.ActiveCfg = Release|Any CPU
		{7FFC89DA-D6A8-4A6D-BDEE-6A8195F9845A}.Release|Any CPU.Build.0 = Release|Any CPU
		{FBD02EED-BE75-4C47-82A9-7F88D47ABC59}.Debug|Any CPU.ActiveCfg = Debug|Any CPU
		{FBD02EED-BE75-4C47-82A9-7F88D47ABC59}.Debug|Any CPU.Build.0 = Debug|Any CPU
		{FBD02EED-BE75-4C47-82A9-7F88D47ABC59}.Release|Any CPU.ActiveCfg = Release|Any CPU
		{FBD02EED-BE75-4C47-82A9-7F88D47ABC59}.Release|Any CPU.Build.0 = Release|Any CPU
		{01C0B391-98E5-48E1-8986-0A6973BFF108}.Debug|Any CPU.ActiveCfg = Debug|Any CPU
		{01C0B391-98E5-48E1-8986-0A6973BFF108}.Debug|Any CPU.Build.0 = Debug|Any CPU
		{01C0B391-98E5-48E1-8986-0A6973BFF108}.Release|Any CPU.ActiveCfg = Release|Any CPU
		{01C0B391-98E5-48E1-8986-0A6973BFF108}.Release|Any CPU.Build.0 = Release|Any CPU
		{929ECC79-FDCA-41A3-AADD-B8B897092BF3}.Debug|Any CPU.ActiveCfg = Debug|Any CPU
		{929ECC79-FDCA-41A3-AADD-B8B897092BF3}.Debug|Any CPU.Build.0 = Debug|Any CPU
		{929ECC79-FDCA-41A3-AADD-B8B897092BF3}.Release|Any CPU.ActiveCfg = Release|Any CPU
		{929ECC79-FDCA-41A3-AADD-B8B897092BF3}.Release|Any CPU.Build.0 = Release|Any CPU
	EndGlobalSection
	GlobalSection(SolutionProperties) = preSolution
		HideSolutionNode = FALSE
	EndGlobalSection
	GlobalSection(ExtensibilityGlobals) = postSolution
		SolutionGuid = {704580B1-E106-4628-8B98-2819C8AEC780}
	EndGlobalSection
EndGlobal
